// !$*UTF8*$!
{
	archiveVersion = 1;
	classes = {
	};
	objectVersion = 50;
	objects = {

/* Begin PBXAggregateTarget section */
		432EF186261AD52100F4A583 /* All Architectures */ = {
			isa = PBXAggregateTarget;
			buildConfigurationList = 432EF187261AD52200F4A583 /* Build configuration list for PBXAggregateTarget "All Architectures" */;
			buildPhases = (
			);
			dependencies = (
				432EF19C261AD6AF00F4A583 /* PBXTargetDependency */,
				432EF18D261AD52A00F4A583 /* PBXTargetDependency */,
				432EF205261AE01000F4A583 /* PBXTargetDependency */,
				432EF1BA261ADB0C00F4A583 /* PBXTargetDependency */,
				432EF1E7261ADDF600F4A583 /* PBXTargetDependency */,
				432EF1F6261ADEC000F4A583 /* PBXTargetDependency */,
				432EF1D6261ADD9500F4A583 /* PBXTargetDependency */,
				432EF18B261AD52800F4A583 /* PBXTargetDependency */,
				43D0E25C261AE48B008F2FFE /* PBXTargetDependency */,
				432EF1D8261ADDA000F4A583 /* PBXTargetDependency */,
				432EF1AB261AD97A00F4A583 /* PBXTargetDependency */,
			);
			name = "All Architectures";
			productName = "All Architectures";
		};
/* End PBXAggregateTarget section */

/* Begin PBXBuildFile section */
		432EF190261AD60200F4A583 /* jniport.h in Headers */ = {isa = PBXBuildFile; fileRef = 43D436C5261A5680002D0C12 /* jniport.h */; };
		432EF191261AD60200F4A583 /* ckmacros.h in Headers */ = {isa = PBXBuildFile; fileRef = 43D436CB261A5C2D002D0C12 /* ckmacros.h */; };
		432EF192261AD60200F4A583 /* jni.h in Headers */ = {isa = PBXBuildFile; fileRef = 43D436C4261A5680002D0C12 /* jni.h */; };
		432EF193261AD60200F4A583 /* org_newsclub_net_unix_NativeUnixSocket.h in Headers */ = {isa = PBXBuildFile; fileRef = 43D436B7261A5605002D0C12 /* org_newsclub_net_unix_NativeUnixSocket.h */; };
		432EF195261AD60200F4A583 /* org_newsclub_net_unix_NativeUnixSocket.c in Sources */ = {isa = PBXBuildFile; fileRef = 43D436B6261A5605002D0C12 /* org_newsclub_net_unix_NativeUnixSocket.c */; };
		432EF19F261AD6D700F4A583 /* jniport.h in Headers */ = {isa = PBXBuildFile; fileRef = 43D436C5261A5680002D0C12 /* jniport.h */; };
		432EF1A0261AD6D700F4A583 /* ckmacros.h in Headers */ = {isa = PBXBuildFile; fileRef = 43D436CB261A5C2D002D0C12 /* ckmacros.h */; };
		432EF1A1261AD6D700F4A583 /* jni.h in Headers */ = {isa = PBXBuildFile; fileRef = 43D436C4261A5680002D0C12 /* jni.h */; };
		432EF1A2261AD6D700F4A583 /* org_newsclub_net_unix_NativeUnixSocket.h in Headers */ = {isa = PBXBuildFile; fileRef = 43D436B7261A5605002D0C12 /* org_newsclub_net_unix_NativeUnixSocket.h */; };
		432EF1A4261AD6D700F4A583 /* org_newsclub_net_unix_NativeUnixSocket.c in Sources */ = {isa = PBXBuildFile; fileRef = 43D436B6261A5605002D0C12 /* org_newsclub_net_unix_NativeUnixSocket.c */; };
		432EF1AE261AD9FB00F4A583 /* jniport.h in Headers */ = {isa = PBXBuildFile; fileRef = 43D436C5261A5680002D0C12 /* jniport.h */; };
		432EF1AF261AD9FB00F4A583 /* ckmacros.h in Headers */ = {isa = PBXBuildFile; fileRef = 43D436CB261A5C2D002D0C12 /* ckmacros.h */; };
		432EF1B0261AD9FB00F4A583 /* jni.h in Headers */ = {isa = PBXBuildFile; fileRef = 43D436C4261A5680002D0C12 /* jni.h */; };
		432EF1B1261AD9FB00F4A583 /* org_newsclub_net_unix_NativeUnixSocket.h in Headers */ = {isa = PBXBuildFile; fileRef = 43D436B7261A5605002D0C12 /* org_newsclub_net_unix_NativeUnixSocket.h */; };
		432EF1B3261AD9FB00F4A583 /* org_newsclub_net_unix_NativeUnixSocket.c in Sources */ = {isa = PBXBuildFile; fileRef = 43D436B6261A5605002D0C12 /* org_newsclub_net_unix_NativeUnixSocket.c */; };
		432EF1BD261ADB5500F4A583 /* jniport.h in Headers */ = {isa = PBXBuildFile; fileRef = 43D436C5261A5680002D0C12 /* jniport.h */; };
		432EF1BE261ADB5500F4A583 /* ckmacros.h in Headers */ = {isa = PBXBuildFile; fileRef = 43D436CB261A5C2D002D0C12 /* ckmacros.h */; };
		432EF1BF261ADB5500F4A583 /* jni.h in Headers */ = {isa = PBXBuildFile; fileRef = 43D436C4261A5680002D0C12 /* jni.h */; };
		432EF1C0261ADB5500F4A583 /* org_newsclub_net_unix_NativeUnixSocket.h in Headers */ = {isa = PBXBuildFile; fileRef = 43D436B7261A5605002D0C12 /* org_newsclub_net_unix_NativeUnixSocket.h */; };
		432EF1C2261ADB5500F4A583 /* org_newsclub_net_unix_NativeUnixSocket.c in Sources */ = {isa = PBXBuildFile; fileRef = 43D436B6261A5605002D0C12 /* org_newsclub_net_unix_NativeUnixSocket.c */; };
		432EF1CA261ADD6B00F4A583 /* jniport.h in Headers */ = {isa = PBXBuildFile; fileRef = 43D436C5261A5680002D0C12 /* jniport.h */; };
		432EF1CB261ADD6B00F4A583 /* ckmacros.h in Headers */ = {isa = PBXBuildFile; fileRef = 43D436CB261A5C2D002D0C12 /* ckmacros.h */; };
		432EF1CC261ADD6B00F4A583 /* jni.h in Headers */ = {isa = PBXBuildFile; fileRef = 43D436C4261A5680002D0C12 /* jni.h */; };
		432EF1CD261ADD6B00F4A583 /* org_newsclub_net_unix_NativeUnixSocket.h in Headers */ = {isa = PBXBuildFile; fileRef = 43D436B7261A5605002D0C12 /* org_newsclub_net_unix_NativeUnixSocket.h */; };
		432EF1CF261ADD6B00F4A583 /* org_newsclub_net_unix_NativeUnixSocket.c in Sources */ = {isa = PBXBuildFile; fileRef = 43D436B6261A5605002D0C12 /* org_newsclub_net_unix_NativeUnixSocket.c */; };
		432EF1DB261ADDD400F4A583 /* jniport.h in Headers */ = {isa = PBXBuildFile; fileRef = 43D436C5261A5680002D0C12 /* jniport.h */; };
		432EF1DC261ADDD400F4A583 /* ckmacros.h in Headers */ = {isa = PBXBuildFile; fileRef = 43D436CB261A5C2D002D0C12 /* ckmacros.h */; };
		432EF1DD261ADDD400F4A583 /* jni.h in Headers */ = {isa = PBXBuildFile; fileRef = 43D436C4261A5680002D0C12 /* jni.h */; };
		432EF1DE261ADDD400F4A583 /* org_newsclub_net_unix_NativeUnixSocket.h in Headers */ = {isa = PBXBuildFile; fileRef = 43D436B7261A5605002D0C12 /* org_newsclub_net_unix_NativeUnixSocket.h */; };
		432EF1E0261ADDD400F4A583 /* org_newsclub_net_unix_NativeUnixSocket.c in Sources */ = {isa = PBXBuildFile; fileRef = 43D436B6261A5605002D0C12 /* org_newsclub_net_unix_NativeUnixSocket.c */; };
		432EF1EA261ADE4900F4A583 /* jniport.h in Headers */ = {isa = PBXBuildFile; fileRef = 43D436C5261A5680002D0C12 /* jniport.h */; };
		432EF1EB261ADE4900F4A583 /* ckmacros.h in Headers */ = {isa = PBXBuildFile; fileRef = 43D436CB261A5C2D002D0C12 /* ckmacros.h */; };
		432EF1EC261ADE4900F4A583 /* jni.h in Headers */ = {isa = PBXBuildFile; fileRef = 43D436C4261A5680002D0C12 /* jni.h */; };
		432EF1ED261ADE4900F4A583 /* org_newsclub_net_unix_NativeUnixSocket.h in Headers */ = {isa = PBXBuildFile; fileRef = 43D436B7261A5605002D0C12 /* org_newsclub_net_unix_NativeUnixSocket.h */; };
		432EF1EF261ADE4900F4A583 /* org_newsclub_net_unix_NativeUnixSocket.c in Sources */ = {isa = PBXBuildFile; fileRef = 43D436B6261A5605002D0C12 /* org_newsclub_net_unix_NativeUnixSocket.c */; };
		432EF1F9261ADEDD00F4A583 /* jniport.h in Headers */ = {isa = PBXBuildFile; fileRef = 43D436C5261A5680002D0C12 /* jniport.h */; };
		432EF1FA261ADEDD00F4A583 /* ckmacros.h in Headers */ = {isa = PBXBuildFile; fileRef = 43D436CB261A5C2D002D0C12 /* ckmacros.h */; };
		432EF1FB261ADEDD00F4A583 /* jni.h in Headers */ = {isa = PBXBuildFile; fileRef = 43D436C4261A5680002D0C12 /* jni.h */; };
		432EF1FC261ADEDD00F4A583 /* org_newsclub_net_unix_NativeUnixSocket.h in Headers */ = {isa = PBXBuildFile; fileRef = 43D436B7261A5605002D0C12 /* org_newsclub_net_unix_NativeUnixSocket.h */; };
		432EF1FE261ADEDD00F4A583 /* org_newsclub_net_unix_NativeUnixSocket.c in Sources */ = {isa = PBXBuildFile; fileRef = 43D436B6261A5605002D0C12 /* org_newsclub_net_unix_NativeUnixSocket.c */; };
		432EF208261AE29200F4A583 /* jniport.h in Headers */ = {isa = PBXBuildFile; fileRef = 43D436C5261A5680002D0C12 /* jniport.h */; };
		432EF209261AE29200F4A583 /* ckmacros.h in Headers */ = {isa = PBXBuildFile; fileRef = 43D436CB261A5C2D002D0C12 /* ckmacros.h */; };
		432EF20A261AE29200F4A583 /* jni.h in Headers */ = {isa = PBXBuildFile; fileRef = 43D436C4261A5680002D0C12 /* jni.h */; };
		432EF20B261AE29200F4A583 /* org_newsclub_net_unix_NativeUnixSocket.h in Headers */ = {isa = PBXBuildFile; fileRef = 43D436B7261A5605002D0C12 /* org_newsclub_net_unix_NativeUnixSocket.h */; };
		432EF20D261AE29200F4A583 /* org_newsclub_net_unix_NativeUnixSocket.c in Sources */ = {isa = PBXBuildFile; fileRef = 43D436B6261A5605002D0C12 /* org_newsclub_net_unix_NativeUnixSocket.c */; };
		43663ED8261AECC400CEED08 /* jniport.h in Headers */ = {isa = PBXBuildFile; fileRef = 43D436C5261A5680002D0C12 /* jniport.h */; };
		43663ED9261AECC400CEED08 /* ckmacros.h in Headers */ = {isa = PBXBuildFile; fileRef = 43D436CB261A5C2D002D0C12 /* ckmacros.h */; };
		43663EDA261AECC400CEED08 /* jni.h in Headers */ = {isa = PBXBuildFile; fileRef = 43D436C4261A5680002D0C12 /* jni.h */; };
		43663EDB261AECC400CEED08 /* org_newsclub_net_unix_NativeUnixSocket.h in Headers */ = {isa = PBXBuildFile; fileRef = 43D436B7261A5605002D0C12 /* org_newsclub_net_unix_NativeUnixSocket.h */; };
		43663EDD261AECC400CEED08 /* org_newsclub_net_unix_NativeUnixSocket.c in Sources */ = {isa = PBXBuildFile; fileRef = 43D436B6261A5605002D0C12 /* org_newsclub_net_unix_NativeUnixSocket.c */; };
		43C5FB73261AC3700088E301 /* jniport.h in Headers */ = {isa = PBXBuildFile; fileRef = 43D436C5261A5680002D0C12 /* jniport.h */; };
		43C5FB74261AC3700088E301 /* ckmacros.h in Headers */ = {isa = PBXBuildFile; fileRef = 43D436CB261A5C2D002D0C12 /* ckmacros.h */; };
		43C5FB75261AC3700088E301 /* jni.h in Headers */ = {isa = PBXBuildFile; fileRef = 43D436C4261A5680002D0C12 /* jni.h */; };
		43C5FB76261AC3700088E301 /* org_newsclub_net_unix_NativeUnixSocket.h in Headers */ = {isa = PBXBuildFile; fileRef = 43D436B7261A5605002D0C12 /* org_newsclub_net_unix_NativeUnixSocket.h */; };
		43C5FB78261AC3700088E301 /* org_newsclub_net_unix_NativeUnixSocket.c in Sources */ = {isa = PBXBuildFile; fileRef = 43D436B6261A5605002D0C12 /* org_newsclub_net_unix_NativeUnixSocket.c */; };
		43D436C1261A5657002D0C12 /* org_newsclub_net_unix_NativeUnixSocket.c in Sources */ = {isa = PBXBuildFile; fileRef = 43D436B6261A5605002D0C12 /* org_newsclub_net_unix_NativeUnixSocket.c */; };
		43D436C2261A5659002D0C12 /* org_newsclub_net_unix_NativeUnixSocket.h in Headers */ = {isa = PBXBuildFile; fileRef = 43D436B7261A5605002D0C12 /* org_newsclub_net_unix_NativeUnixSocket.h */; };
		43D436C6261A5680002D0C12 /* jni.h in Headers */ = {isa = PBXBuildFile; fileRef = 43D436C4261A5680002D0C12 /* jni.h */; };
		43D436C7261A5680002D0C12 /* jniport.h in Headers */ = {isa = PBXBuildFile; fileRef = 43D436C5261A5680002D0C12 /* jniport.h */; };
		43D436CC261A5C2D002D0C12 /* ckmacros.h in Headers */ = {isa = PBXBuildFile; fileRef = 43D436CB261A5C2D002D0C12 /* ckmacros.h */; };
/* End PBXBuildFile section */

/* Begin PBXContainerItemProxy section */
		432EF18A261AD52800F4A583 /* PBXContainerItemProxy */ = {
			isa = PBXContainerItemProxy;
			containerPortal = 43D436B0261A55D0002D0C12 /* Project object */;
			proxyType = 1;
			remoteGlobalIDString = 43D436BB261A564C002D0C12;
			remoteInfo = "junixsocket-native-crossclang";
		};
		432EF18C261AD52A00F4A583 /* PBXContainerItemProxy */ = {
			isa = PBXContainerItemProxy;
			containerPortal = 43D436B0261A55D0002D0C12 /* Project object */;
			proxyType = 1;
			remoteGlobalIDString = 43C5FB71261AC3700088E301;
			remoteInfo = "junixsocket-native-crossclang-mac";
		};
		432EF19B261AD6AF00F4A583 /* PBXContainerItemProxy */ = {
			isa = PBXContainerItemProxy;
			containerPortal = 43D436B0261A55D0002D0C12 /* Project object */;
			proxyType = 1;
			remoteGlobalIDString = 432EF18E261AD60200F4A583;
			remoteInfo = "aarch64-linux-gnu";
		};
		432EF1AA261AD97A00F4A583 /* PBXContainerItemProxy */ = {
			isa = PBXContainerItemProxy;
			containerPortal = 43D436B0261A55D0002D0C12 /* Project object */;
			proxyType = 1;
			remoteGlobalIDString = 432EF19D261AD6D700F4A583;
			remoteInfo = "x86_64-w64-mingw32";
		};
		432EF1B9261ADB0C00F4A583 /* PBXContainerItemProxy */ = {
			isa = PBXContainerItemProxy;
			containerPortal = 43D436B0261A55D0002D0C12 /* Project object */;
			proxyType = 1;
			remoteGlobalIDString = 432EF1AC261AD9FB00F4A583;
			remoteInfo = "i386-pc-solaris2.11";
		};
		432EF1D5261ADD9500F4A583 /* PBXContainerItemProxy */ = {
			isa = PBXContainerItemProxy;
			containerPortal = 43D436B0261A55D0002D0C12 /* Project object */;
			proxyType = 1;
			remoteGlobalIDString = 432EF1BB261ADB5500F4A583;
			remoteInfo = "s390x-ibm-linux-gnu";
		};
		432EF1D7261ADDA000F4A583 /* PBXContainerItemProxy */ = {
			isa = PBXContainerItemProxy;
			containerPortal = 43D436B0261A55D0002D0C12 /* Project object */;
			proxyType = 1;
			remoteGlobalIDString = 432EF1C8261ADD6B00F4A583;
			remoteInfo = "x86_64-unknown-freebsd12.1";
		};
		432EF1E6261ADDF600F4A583 /* PBXContainerItemProxy */ = {
			isa = PBXContainerItemProxy;
			containerPortal = 43D436B0261A55D0002D0C12 /* Project object */;
			proxyType = 1;
			remoteGlobalIDString = 432EF1D9261ADDD400F4A583;
			remoteInfo = "powerpc64le-linux-gnu";
		};
		432EF1F5261ADEC000F4A583 /* PBXContainerItemProxy */ = {
			isa = PBXContainerItemProxy;
			containerPortal = 43D436B0261A55D0002D0C12 /* Project object */;
			proxyType = 1;
			remoteGlobalIDString = 432EF1E8261ADE4900F4A583;
			remoteInfo = "riscv64-redhat-linux";
		};
		432EF204261AE01000F4A583 /* PBXContainerItemProxy */ = {
			isa = PBXContainerItemProxy;
			containerPortal = 43D436B0261A55D0002D0C12 /* Project object */;
			proxyType = 1;
			remoteGlobalIDString = 432EF1F7261ADEDD00F4A583;
			remoteInfo = "armv6--linux-gnueabihf";
		};
		43D0E25B261AE48B008F2FFE /* PBXContainerItemProxy */ = {
			isa = PBXContainerItemProxy;
			containerPortal = 43D436B0261A55D0002D0C12 /* Project object */;
			proxyType = 1;
			remoteGlobalIDString = 432EF206261AE29200F4A583;
			remoteInfo = "x86_64-apple-darwin18.2.0";
		};
/* End PBXContainerItemProxy section */

/* Begin PBXFileReference section */
		432EF19A261AD60200F4A583 /* libjunixsocket-aarch64-linux-gnu.so */ = {isa = PBXFileReference; explicitFileType = "compiled.mach-o.dylib"; includeInIndex = 0; path = "libjunixsocket-aarch64-linux-gnu.so"; sourceTree = BUILT_PRODUCTS_DIR; };
		432EF1A9261AD6D700F4A583 /* libjunixsocket-x86_64-w64-mingw32.so */ = {isa = PBXFileReference; explicitFileType = "compiled.mach-o.dylib"; includeInIndex = 0; path = "libjunixsocket-x86_64-w64-mingw32.so"; sourceTree = BUILT_PRODUCTS_DIR; };
		432EF1B8261AD9FB00F4A583 /* libjunixsocket-i386-pc-solaris2.11_m64.so */ = {isa = PBXFileReference; explicitFileType = "compiled.mach-o.dylib"; includeInIndex = 0; path = "libjunixsocket-i386-pc-solaris2.11_m64.so"; sourceTree = BUILT_PRODUCTS_DIR; };
		432EF1C7261ADB5500F4A583 /* libjunixsocket-s390x-ibm-linux-gnu.so */ = {isa = PBXFileReference; explicitFileType = "compiled.mach-o.dylib"; includeInIndex = 0; path = "libjunixsocket-s390x-ibm-linux-gnu.so"; sourceTree = BUILT_PRODUCTS_DIR; };
		432EF1D4261ADD6B00F4A583 /* libjunixsocket-x86_64-unknown-freebsd12.1.so */ = {isa = PBXFileReference; explicitFileType = "compiled.mach-o.dylib"; includeInIndex = 0; path = "libjunixsocket-x86_64-unknown-freebsd12.1.so"; sourceTree = BUILT_PRODUCTS_DIR; };
		432EF1E5261ADDD400F4A583 /* libjunixsocket-powerpc64le-linux-gnu.so */ = {isa = PBXFileReference; explicitFileType = "compiled.mach-o.dylib"; includeInIndex = 0; path = "libjunixsocket-powerpc64le-linux-gnu.so"; sourceTree = BUILT_PRODUCTS_DIR; };
		432EF1F4261ADE4900F4A583 /* libjunixsocket-riscv64-redhat-linux.so */ = {isa = PBXFileReference; explicitFileType = "compiled.mach-o.dylib"; includeInIndex = 0; path = "libjunixsocket-riscv64-redhat-linux.so"; sourceTree = BUILT_PRODUCTS_DIR; };
		432EF203261ADEDD00F4A583 /* libjunixsocket-armv6--linux-gnueabihf.so */ = {isa = PBXFileReference; explicitFileType = "compiled.mach-o.dylib"; includeInIndex = 0; path = "libjunixsocket-armv6--linux-gnueabihf.so"; sourceTree = BUILT_PRODUCTS_DIR; };
		432EF212261AE29200F4A583 /* libjunixsocket-x86_64-apple-darwin18.2.0.dylib */ = {isa = PBXFileReference; explicitFileType = "compiled.mach-o.dylib"; includeInIndex = 0; path = "libjunixsocket-x86_64-apple-darwin18.2.0.dylib"; sourceTree = BUILT_PRODUCTS_DIR; };
		43663EE2261AECC400CEED08 /* libjunixsocket-default.dylib */ = {isa = PBXFileReference; explicitFileType = "compiled.mach-o.dylib"; includeInIndex = 0; path = "libjunixsocket-default.dylib"; sourceTree = BUILT_PRODUCTS_DIR; };
		43C5FB7D261AC3700088E301 /* libjunixsocket-arm64-apple-macos11.dylib */ = {isa = PBXFileReference; explicitFileType = "compiled.mach-o.dylib"; includeInIndex = 0; path = "libjunixsocket-arm64-apple-macos11.dylib"; sourceTree = BUILT_PRODUCTS_DIR; };
		43D436B6261A5605002D0C12 /* org_newsclub_net_unix_NativeUnixSocket.c */ = {isa = PBXFileReference; lastKnownFileType = sourcecode.c.c; name = org_newsclub_net_unix_NativeUnixSocket.c; path = src/main/c/org_newsclub_net_unix_NativeUnixSocket.c; sourceTree = "<group>"; };
		43D436B7261A5605002D0C12 /* org_newsclub_net_unix_NativeUnixSocket.h */ = {isa = PBXFileReference; lastKnownFileType = sourcecode.c.h; name = org_newsclub_net_unix_NativeUnixSocket.h; path = src/main/c/org_newsclub_net_unix_NativeUnixSocket.h; sourceTree = "<group>"; };
		43D436BC261A564C002D0C12 /* libjunixsocket-x86_64-alpine-linux-musl.so */ = {isa = PBXFileReference; explicitFileType = "compiled.mach-o.dylib"; includeInIndex = 0; path = "libjunixsocket-x86_64-alpine-linux-musl.so"; sourceTree = BUILT_PRODUCTS_DIR; };
		43D436C4261A5680002D0C12 /* jni.h */ = {isa = PBXFileReference; fileEncoding = 4; lastKnownFileType = sourcecode.c.h; path = jni.h; sourceTree = "<group>"; };
		43D436C5261A5680002D0C12 /* jniport.h */ = {isa = PBXFileReference; fileEncoding = 4; lastKnownFileType = sourcecode.c.h; path = jniport.h; sourceTree = "<group>"; };
		43D436CB261A5C2D002D0C12 /* ckmacros.h */ = {isa = PBXFileReference; fileEncoding = 4; lastKnownFileType = sourcecode.c.h; name = ckmacros.h; path = src/main/c/ckmacros.h; sourceTree = "<group>"; };
/* End PBXFileReference section */

/* Begin PBXFrameworksBuildPhase section */
		432EF196261AD60200F4A583 /* Frameworks */ = {
			isa = PBXFrameworksBuildPhase;
			buildActionMask = 2147483647;
			files = (
			);
			runOnlyForDeploymentPostprocessing = 0;
		};
		432EF1A5261AD6D700F4A583 /* Frameworks */ = {
			isa = PBXFrameworksBuildPhase;
			buildActionMask = 2147483647;
			files = (
			);
			runOnlyForDeploymentPostprocessing = 0;
		};
		432EF1B4261AD9FB00F4A583 /* Frameworks */ = {
			isa = PBXFrameworksBuildPhase;
			buildActionMask = 2147483647;
			files = (
			);
			runOnlyForDeploymentPostprocessing = 0;
		};
		432EF1C3261ADB5500F4A583 /* Frameworks */ = {
			isa = PBXFrameworksBuildPhase;
			buildActionMask = 2147483647;
			files = (
			);
			runOnlyForDeploymentPostprocessing = 0;
		};
		432EF1D0261ADD6B00F4A583 /* Frameworks */ = {
			isa = PBXFrameworksBuildPhase;
			buildActionMask = 2147483647;
			files = (
			);
			runOnlyForDeploymentPostprocessing = 0;
		};
		432EF1E1261ADDD400F4A583 /* Frameworks */ = {
			isa = PBXFrameworksBuildPhase;
			buildActionMask = 2147483647;
			files = (
			);
			runOnlyForDeploymentPostprocessing = 0;
		};
		432EF1F0261ADE4900F4A583 /* Frameworks */ = {
			isa = PBXFrameworksBuildPhase;
			buildActionMask = 2147483647;
			files = (
			);
			runOnlyForDeploymentPostprocessing = 0;
		};
		432EF1FF261ADEDD00F4A583 /* Frameworks */ = {
			isa = PBXFrameworksBuildPhase;
			buildActionMask = 2147483647;
			files = (
			);
			runOnlyForDeploymentPostprocessing = 0;
		};
		432EF20E261AE29200F4A583 /* Frameworks */ = {
			isa = PBXFrameworksBuildPhase;
			buildActionMask = 2147483647;
			files = (
			);
			runOnlyForDeploymentPostprocessing = 0;
		};
		43663EDE261AECC400CEED08 /* Frameworks */ = {
			isa = PBXFrameworksBuildPhase;
			buildActionMask = 2147483647;
			files = (
			);
			runOnlyForDeploymentPostprocessing = 0;
		};
		43C5FB79261AC3700088E301 /* Frameworks */ = {
			isa = PBXFrameworksBuildPhase;
			buildActionMask = 2147483647;
			files = (
			);
			runOnlyForDeploymentPostprocessing = 0;
		};
		43D436BA261A564C002D0C12 /* Frameworks */ = {
			isa = PBXFrameworksBuildPhase;
			buildActionMask = 2147483647;
			files = (
			);
			runOnlyForDeploymentPostprocessing = 0;
		};
/* End PBXFrameworksBuildPhase section */

/* Begin PBXGroup section */
		43D436AF261A55D0002D0C12 = {
			isa = PBXGroup;
			children = (
				43D436CB261A5C2D002D0C12 /* ckmacros.h */,
				43D436B7261A5605002D0C12 /* org_newsclub_net_unix_NativeUnixSocket.h */,
				43D436B6261A5605002D0C12 /* org_newsclub_net_unix_NativeUnixSocket.c */,
				43D436C3261A5680002D0C12 /* jni */,
				43D436BD261A564C002D0C12 /* Products */,
			);
			sourceTree = "<group>";
		};
		43D436BD261A564C002D0C12 /* Products */ = {
			isa = PBXGroup;
			children = (
				43D436BC261A564C002D0C12 /* libjunixsocket-x86_64-alpine-linux-musl.so */,
				43C5FB7D261AC3700088E301 /* libjunixsocket-arm64-apple-macos11.dylib */,
				432EF19A261AD60200F4A583 /* libjunixsocket-aarch64-linux-gnu.so */,
				432EF1A9261AD6D700F4A583 /* libjunixsocket-x86_64-w64-mingw32.so */,
				432EF1B8261AD9FB00F4A583 /* libjunixsocket-i386-pc-solaris2.11_m64.so */,
				432EF1C7261ADB5500F4A583 /* libjunixsocket-s390x-ibm-linux-gnu.so */,
				432EF1D4261ADD6B00F4A583 /* libjunixsocket-x86_64-unknown-freebsd12.1.so */,
				432EF1E5261ADDD400F4A583 /* libjunixsocket-powerpc64le-linux-gnu.so */,
				432EF1F4261ADE4900F4A583 /* libjunixsocket-riscv64-redhat-linux.so */,
				432EF203261ADEDD00F4A583 /* libjunixsocket-armv6--linux-gnueabihf.so */,
				432EF212261AE29200F4A583 /* libjunixsocket-x86_64-apple-darwin18.2.0.dylib */,
				43663EE2261AECC400CEED08 /* libjunixsocket-default.dylib */,
			);
			name = Products;
			sourceTree = "<group>";
		};
		43D436C3261A5680002D0C12 /* jni */ = {
			isa = PBXGroup;
			children = (
				43D436C4261A5680002D0C12 /* jni.h */,
				43D436C5261A5680002D0C12 /* jniport.h */,
			);
			name = jni;
			path = src/main/c/jni;
			sourceTree = "<group>";
		};
/* End PBXGroup section */

/* Begin PBXHeadersBuildPhase section */
		432EF18F261AD60200F4A583 /* Headers */ = {
			isa = PBXHeadersBuildPhase;
			buildActionMask = 2147483647;
			files = (
				432EF190261AD60200F4A583 /* jniport.h in Headers */,
				432EF191261AD60200F4A583 /* ckmacros.h in Headers */,
				432EF192261AD60200F4A583 /* jni.h in Headers */,
				432EF193261AD60200F4A583 /* org_newsclub_net_unix_NativeUnixSocket.h in Headers */,
			);
			runOnlyForDeploymentPostprocessing = 0;
		};
		432EF19E261AD6D700F4A583 /* Headers */ = {
			isa = PBXHeadersBuildPhase;
			buildActionMask = 2147483647;
			files = (
				432EF19F261AD6D700F4A583 /* jniport.h in Headers */,
				432EF1A0261AD6D700F4A583 /* ckmacros.h in Headers */,
				432EF1A1261AD6D700F4A583 /* jni.h in Headers */,
				432EF1A2261AD6D700F4A583 /* org_newsclub_net_unix_NativeUnixSocket.h in Headers */,
			);
			runOnlyForDeploymentPostprocessing = 0;
		};
		432EF1AD261AD9FB00F4A583 /* Headers */ = {
			isa = PBXHeadersBuildPhase;
			buildActionMask = 2147483647;
			files = (
				432EF1AE261AD9FB00F4A583 /* jniport.h in Headers */,
				432EF1AF261AD9FB00F4A583 /* ckmacros.h in Headers */,
				432EF1B0261AD9FB00F4A583 /* jni.h in Headers */,
				432EF1B1261AD9FB00F4A583 /* org_newsclub_net_unix_NativeUnixSocket.h in Headers */,
			);
			runOnlyForDeploymentPostprocessing = 0;
		};
		432EF1BC261ADB5500F4A583 /* Headers */ = {
			isa = PBXHeadersBuildPhase;
			buildActionMask = 2147483647;
			files = (
				432EF1BD261ADB5500F4A583 /* jniport.h in Headers */,
				432EF1BE261ADB5500F4A583 /* ckmacros.h in Headers */,
				432EF1BF261ADB5500F4A583 /* jni.h in Headers */,
				432EF1C0261ADB5500F4A583 /* org_newsclub_net_unix_NativeUnixSocket.h in Headers */,
			);
			runOnlyForDeploymentPostprocessing = 0;
		};
		432EF1C9261ADD6B00F4A583 /* Headers */ = {
			isa = PBXHeadersBuildPhase;
			buildActionMask = 2147483647;
			files = (
				432EF1CA261ADD6B00F4A583 /* jniport.h in Headers */,
				432EF1CB261ADD6B00F4A583 /* ckmacros.h in Headers */,
				432EF1CC261ADD6B00F4A583 /* jni.h in Headers */,
				432EF1CD261ADD6B00F4A583 /* org_newsclub_net_unix_NativeUnixSocket.h in Headers */,
			);
			runOnlyForDeploymentPostprocessing = 0;
		};
		432EF1DA261ADDD400F4A583 /* Headers */ = {
			isa = PBXHeadersBuildPhase;
			buildActionMask = 2147483647;
			files = (
				432EF1DB261ADDD400F4A583 /* jniport.h in Headers */,
				432EF1DC261ADDD400F4A583 /* ckmacros.h in Headers */,
				432EF1DD261ADDD400F4A583 /* jni.h in Headers */,
				432EF1DE261ADDD400F4A583 /* org_newsclub_net_unix_NativeUnixSocket.h in Headers */,
			);
			runOnlyForDeploymentPostprocessing = 0;
		};
		432EF1E9261ADE4900F4A583 /* Headers */ = {
			isa = PBXHeadersBuildPhase;
			buildActionMask = 2147483647;
			files = (
				432EF1EA261ADE4900F4A583 /* jniport.h in Headers */,
				432EF1EB261ADE4900F4A583 /* ckmacros.h in Headers */,
				432EF1EC261ADE4900F4A583 /* jni.h in Headers */,
				432EF1ED261ADE4900F4A583 /* org_newsclub_net_unix_NativeUnixSocket.h in Headers */,
			);
			runOnlyForDeploymentPostprocessing = 0;
		};
		432EF1F8261ADEDD00F4A583 /* Headers */ = {
			isa = PBXHeadersBuildPhase;
			buildActionMask = 2147483647;
			files = (
				432EF1F9261ADEDD00F4A583 /* jniport.h in Headers */,
				432EF1FA261ADEDD00F4A583 /* ckmacros.h in Headers */,
				432EF1FB261ADEDD00F4A583 /* jni.h in Headers */,
				432EF1FC261ADEDD00F4A583 /* org_newsclub_net_unix_NativeUnixSocket.h in Headers */,
			);
			runOnlyForDeploymentPostprocessing = 0;
		};
		432EF207261AE29200F4A583 /* Headers */ = {
			isa = PBXHeadersBuildPhase;
			buildActionMask = 2147483647;
			files = (
				432EF208261AE29200F4A583 /* jniport.h in Headers */,
				432EF209261AE29200F4A583 /* ckmacros.h in Headers */,
				432EF20A261AE29200F4A583 /* jni.h in Headers */,
				432EF20B261AE29200F4A583 /* org_newsclub_net_unix_NativeUnixSocket.h in Headers */,
			);
			runOnlyForDeploymentPostprocessing = 0;
		};
		43663ED7261AECC400CEED08 /* Headers */ = {
			isa = PBXHeadersBuildPhase;
			buildActionMask = 2147483647;
			files = (
				43663ED8261AECC400CEED08 /* jniport.h in Headers */,
				43663ED9261AECC400CEED08 /* ckmacros.h in Headers */,
				43663EDA261AECC400CEED08 /* jni.h in Headers */,
				43663EDB261AECC400CEED08 /* org_newsclub_net_unix_NativeUnixSocket.h in Headers */,
			);
			runOnlyForDeploymentPostprocessing = 0;
		};
		43C5FB72261AC3700088E301 /* Headers */ = {
			isa = PBXHeadersBuildPhase;
			buildActionMask = 2147483647;
			files = (
				43C5FB73261AC3700088E301 /* jniport.h in Headers */,
				43C5FB74261AC3700088E301 /* ckmacros.h in Headers */,
				43C5FB75261AC3700088E301 /* jni.h in Headers */,
				43C5FB76261AC3700088E301 /* org_newsclub_net_unix_NativeUnixSocket.h in Headers */,
			);
			runOnlyForDeploymentPostprocessing = 0;
		};
		43D436B8261A564C002D0C12 /* Headers */ = {
			isa = PBXHeadersBuildPhase;
			buildActionMask = 2147483647;
			files = (
				43D436C7261A5680002D0C12 /* jniport.h in Headers */,
				43D436CC261A5C2D002D0C12 /* ckmacros.h in Headers */,
				43D436C6261A5680002D0C12 /* jni.h in Headers */,
				43D436C2261A5659002D0C12 /* org_newsclub_net_unix_NativeUnixSocket.h in Headers */,
			);
			runOnlyForDeploymentPostprocessing = 0;
		};
/* End PBXHeadersBuildPhase section */

/* Begin PBXNativeTarget section */
		432EF18E261AD60200F4A583 /* aarch64-linux-gnu */ = {
			isa = PBXNativeTarget;
			buildConfigurationList = 432EF197261AD60200F4A583 /* Build configuration list for PBXNativeTarget "aarch64-linux-gnu" */;
			buildPhases = (
				432EF18F261AD60200F4A583 /* Headers */,
				432EF194261AD60200F4A583 /* Sources */,
				432EF196261AD60200F4A583 /* Frameworks */,
			);
			buildRules = (
			);
			dependencies = (
			);
			name = "aarch64-linux-gnu";
			productName = "junixsocket-native";
			productReference = 432EF19A261AD60200F4A583 /* libjunixsocket-aarch64-linux-gnu.so */;
			productType = "com.apple.product-type.library.dynamic";
		};
		432EF19D261AD6D700F4A583 /* x86_64-w64-mingw32 */ = {
			isa = PBXNativeTarget;
			buildConfigurationList = 432EF1A6261AD6D700F4A583 /* Build configuration list for PBXNativeTarget "x86_64-w64-mingw32" */;
			buildPhases = (
				432EF19E261AD6D700F4A583 /* Headers */,
				432EF1A3261AD6D700F4A583 /* Sources */,
				432EF1A5261AD6D700F4A583 /* Frameworks */,
			);
			buildRules = (
			);
			dependencies = (
			);
			name = "x86_64-w64-mingw32";
			productName = "junixsocket-native";
			productReference = 432EF1A9261AD6D700F4A583 /* libjunixsocket-x86_64-w64-mingw32.so */;
			productType = "com.apple.product-type.library.dynamic";
		};
		432EF1AC261AD9FB00F4A583 /* i386-pc-solaris2.11_m64 */ = {
			isa = PBXNativeTarget;
			buildConfigurationList = 432EF1B5261AD9FB00F4A583 /* Build configuration list for PBXNativeTarget "i386-pc-solaris2.11_m64" */;
			buildPhases = (
				432EF1AD261AD9FB00F4A583 /* Headers */,
				432EF1B2261AD9FB00F4A583 /* Sources */,
				432EF1B4261AD9FB00F4A583 /* Frameworks */,
			);
			buildRules = (
			);
			dependencies = (
			);
			name = "i386-pc-solaris2.11_m64";
			productName = "junixsocket-native";
			productReference = 432EF1B8261AD9FB00F4A583 /* libjunixsocket-i386-pc-solaris2.11_m64.so */;
			productType = "com.apple.product-type.library.dynamic";
		};
		432EF1BB261ADB5500F4A583 /* s390x-ibm-linux-gnu */ = {
			isa = PBXNativeTarget;
			buildConfigurationList = 432EF1C4261ADB5500F4A583 /* Build configuration list for PBXNativeTarget "s390x-ibm-linux-gnu" */;
			buildPhases = (
				432EF1BC261ADB5500F4A583 /* Headers */,
				432EF1C1261ADB5500F4A583 /* Sources */,
				432EF1C3261ADB5500F4A583 /* Frameworks */,
			);
			buildRules = (
			);
			dependencies = (
			);
			name = "s390x-ibm-linux-gnu";
			productName = "junixsocket-native";
			productReference = 432EF1C7261ADB5500F4A583 /* libjunixsocket-s390x-ibm-linux-gnu.so */;
			productType = "com.apple.product-type.library.dynamic";
		};
		432EF1C8261ADD6B00F4A583 /* x86_64-unknown-freebsd12.1 */ = {
			isa = PBXNativeTarget;
			buildConfigurationList = 432EF1D1261ADD6B00F4A583 /* Build configuration list for PBXNativeTarget "x86_64-unknown-freebsd12.1" */;
			buildPhases = (
				432EF1C9261ADD6B00F4A583 /* Headers */,
				432EF1CE261ADD6B00F4A583 /* Sources */,
				432EF1D0261ADD6B00F4A583 /* Frameworks */,
			);
			buildRules = (
			);
			dependencies = (
			);
			name = "x86_64-unknown-freebsd12.1";
			productName = "junixsocket-native";
			productReference = 432EF1D4261ADD6B00F4A583 /* libjunixsocket-x86_64-unknown-freebsd12.1.so */;
			productType = "com.apple.product-type.library.dynamic";
		};
		432EF1D9261ADDD400F4A583 /* powerpc64le-linux-gnu */ = {
			isa = PBXNativeTarget;
			buildConfigurationList = 432EF1E2261ADDD400F4A583 /* Build configuration list for PBXNativeTarget "powerpc64le-linux-gnu" */;
			buildPhases = (
				432EF1DA261ADDD400F4A583 /* Headers */,
				432EF1DF261ADDD400F4A583 /* Sources */,
				432EF1E1261ADDD400F4A583 /* Frameworks */,
			);
			buildRules = (
			);
			dependencies = (
			);
			name = "powerpc64le-linux-gnu";
			productName = "junixsocket-native";
			productReference = 432EF1E5261ADDD400F4A583 /* libjunixsocket-powerpc64le-linux-gnu.so */;
			productType = "com.apple.product-type.library.dynamic";
		};
		432EF1E8261ADE4900F4A583 /* riscv64-redhat-linux */ = {
			isa = PBXNativeTarget;
			buildConfigurationList = 432EF1F1261ADE4900F4A583 /* Build configuration list for PBXNativeTarget "riscv64-redhat-linux" */;
			buildPhases = (
				432EF1E9261ADE4900F4A583 /* Headers */,
				432EF1EE261ADE4900F4A583 /* Sources */,
				432EF1F0261ADE4900F4A583 /* Frameworks */,
			);
			buildRules = (
			);
			dependencies = (
			);
			name = "riscv64-redhat-linux";
			productName = "junixsocket-native";
			productReference = 432EF1F4261ADE4900F4A583 /* libjunixsocket-riscv64-redhat-linux.so */;
			productType = "com.apple.product-type.library.dynamic";
		};
		432EF1F7261ADEDD00F4A583 /* armv6--linux-gnueabihf */ = {
			isa = PBXNativeTarget;
			buildConfigurationList = 432EF200261ADEDD00F4A583 /* Build configuration list for PBXNativeTarget "armv6--linux-gnueabihf" */;
			buildPhases = (
				432EF1F8261ADEDD00F4A583 /* Headers */,
				432EF1FD261ADEDD00F4A583 /* Sources */,
				432EF1FF261ADEDD00F4A583 /* Frameworks */,
			);
			buildRules = (
			);
			dependencies = (
			);
			name = "armv6--linux-gnueabihf";
			productName = "junixsocket-native";
			productReference = 432EF203261ADEDD00F4A583 /* libjunixsocket-armv6--linux-gnueabihf.so */;
			productType = "com.apple.product-type.library.dynamic";
		};
		432EF206261AE29200F4A583 /* x86_64-apple-darwin18.2.0 */ = {
			isa = PBXNativeTarget;
			buildConfigurationList = 432EF20F261AE29200F4A583 /* Build configuration list for PBXNativeTarget "x86_64-apple-darwin18.2.0" */;
			buildPhases = (
				432EF207261AE29200F4A583 /* Headers */,
				432EF20C261AE29200F4A583 /* Sources */,
				432EF20E261AE29200F4A583 /* Frameworks */,
			);
			buildRules = (
			);
			dependencies = (
			);
			name = "x86_64-apple-darwin18.2.0";
			productName = "junixsocket-native";
			productReference = 432EF212261AE29200F4A583 /* libjunixsocket-x86_64-apple-darwin18.2.0.dylib */;
			productType = "com.apple.product-type.library.dynamic";
		};
		43663ED6261AECC400CEED08 /* default */ = {
			isa = PBXNativeTarget;
			buildConfigurationList = 43663EDF261AECC400CEED08 /* Build configuration list for PBXNativeTarget "default" */;
			buildPhases = (
				43663ED7261AECC400CEED08 /* Headers */,
				43663EDC261AECC400CEED08 /* Sources */,
				43663EDE261AECC400CEED08 /* Frameworks */,
			);
			buildRules = (
			);
			dependencies = (
			);
			name = default;
			productName = "junixsocket-native";
			productReference = 43663EE2261AECC400CEED08 /* libjunixsocket-default.dylib */;
			productType = "com.apple.product-type.library.dynamic";
		};
		43C5FB71261AC3700088E301 /* arm64-apple-macos11 */ = {
			isa = PBXNativeTarget;
			buildConfigurationList = 43C5FB7A261AC3700088E301 /* Build configuration list for PBXNativeTarget "arm64-apple-macos11" */;
			buildPhases = (
				43C5FB72261AC3700088E301 /* Headers */,
				43C5FB77261AC3700088E301 /* Sources */,
				43C5FB79261AC3700088E301 /* Frameworks */,
			);
			buildRules = (
			);
			dependencies = (
			);
			name = "arm64-apple-macos11";
			productName = "junixsocket-native";
			productReference = 43C5FB7D261AC3700088E301 /* libjunixsocket-arm64-apple-macos11.dylib */;
			productType = "com.apple.product-type.library.dynamic";
		};
		43D436BB261A564C002D0C12 /* x86_64-alpine-linux-musl */ = {
			isa = PBXNativeTarget;
			buildConfigurationList = 43D436BE261A564C002D0C12 /* Build configuration list for PBXNativeTarget "x86_64-alpine-linux-musl" */;
			buildPhases = (
				43D436B8261A564C002D0C12 /* Headers */,
				43D436B9261A564C002D0C12 /* Sources */,
				43D436BA261A564C002D0C12 /* Frameworks */,
			);
			buildRules = (
			);
			dependencies = (
			);
			name = "x86_64-alpine-linux-musl";
			productName = "junixsocket-native";
			productReference = 43D436BC261A564C002D0C12 /* libjunixsocket-x86_64-alpine-linux-musl.so */;
			productType = "com.apple.product-type.library.dynamic";
		};
/* End PBXNativeTarget section */

/* Begin PBXProject section */
		43D436B0261A55D0002D0C12 /* Project object */ = {
			isa = PBXProject;
			attributes = {
				LastUpgradeCheck = 1130;
				TargetAttributes = {
					432EF186261AD52100F4A583 = {
						CreatedOnToolsVersion = 11.3.1;
					};
					43D436BB261A564C002D0C12 = {
						CreatedOnToolsVersion = 11.3.1;
					};
				};
			};
			buildConfigurationList = 43D436B3261A55D0002D0C12 /* Build configuration list for PBXProject "junixsocket-native" */;
			compatibilityVersion = "Xcode 9.3";
			developmentRegion = en;
			hasScannedForEncodings = 0;
			knownRegions = (
				en,
				Base,
			);
			mainGroup = 43D436AF261A55D0002D0C12;
			productRefGroup = 43D436BD261A564C002D0C12 /* Products */;
			projectDirPath = "";
			projectRoot = "";
			targets = (
				43663ED6261AECC400CEED08 /* default */,
				432EF186261AD52100F4A583 /* All Architectures */,
				432EF18E261AD60200F4A583 /* aarch64-linux-gnu */,
				43C5FB71261AC3700088E301 /* arm64-apple-macos11 */,
				432EF1F7261ADEDD00F4A583 /* armv6--linux-gnueabihf */,
				432EF1AC261AD9FB00F4A583 /* i386-pc-solaris2.11_m64 */,
				432EF1D9261ADDD400F4A583 /* powerpc64le-linux-gnu */,
				432EF1E8261ADE4900F4A583 /* riscv64-redhat-linux */,
				432EF1BB261ADB5500F4A583 /* s390x-ibm-linux-gnu */,
				43D436BB261A564C002D0C12 /* x86_64-alpine-linux-musl */,
				432EF206261AE29200F4A583 /* x86_64-apple-darwin18.2.0 */,
				432EF1C8261ADD6B00F4A583 /* x86_64-unknown-freebsd12.1 */,
				432EF19D261AD6D700F4A583 /* x86_64-w64-mingw32 */,
			);
		};
/* End PBXProject section */

/* Begin PBXSourcesBuildPhase section */
		432EF194261AD60200F4A583 /* Sources */ = {
			isa = PBXSourcesBuildPhase;
			buildActionMask = 2147483647;
			files = (
				432EF195261AD60200F4A583 /* org_newsclub_net_unix_NativeUnixSocket.c in Sources */,
			);
			runOnlyForDeploymentPostprocessing = 0;
		};
		432EF1A3261AD6D700F4A583 /* Sources */ = {
			isa = PBXSourcesBuildPhase;
			buildActionMask = 2147483647;
			files = (
				432EF1A4261AD6D700F4A583 /* org_newsclub_net_unix_NativeUnixSocket.c in Sources */,
			);
			runOnlyForDeploymentPostprocessing = 0;
		};
		432EF1B2261AD9FB00F4A583 /* Sources */ = {
			isa = PBXSourcesBuildPhase;
			buildActionMask = 2147483647;
			files = (
				432EF1B3261AD9FB00F4A583 /* org_newsclub_net_unix_NativeUnixSocket.c in Sources */,
			);
			runOnlyForDeploymentPostprocessing = 0;
		};
		432EF1C1261ADB5500F4A583 /* Sources */ = {
			isa = PBXSourcesBuildPhase;
			buildActionMask = 2147483647;
			files = (
				432EF1C2261ADB5500F4A583 /* org_newsclub_net_unix_NativeUnixSocket.c in Sources */,
			);
			runOnlyForDeploymentPostprocessing = 0;
		};
		432EF1CE261ADD6B00F4A583 /* Sources */ = {
			isa = PBXSourcesBuildPhase;
			buildActionMask = 2147483647;
			files = (
				432EF1CF261ADD6B00F4A583 /* org_newsclub_net_unix_NativeUnixSocket.c in Sources */,
			);
			runOnlyForDeploymentPostprocessing = 0;
		};
		432EF1DF261ADDD400F4A583 /* Sources */ = {
			isa = PBXSourcesBuildPhase;
			buildActionMask = 2147483647;
			files = (
				432EF1E0261ADDD400F4A583 /* org_newsclub_net_unix_NativeUnixSocket.c in Sources */,
			);
			runOnlyForDeploymentPostprocessing = 0;
		};
		432EF1EE261ADE4900F4A583 /* Sources */ = {
			isa = PBXSourcesBuildPhase;
			buildActionMask = 2147483647;
			files = (
				432EF1EF261ADE4900F4A583 /* org_newsclub_net_unix_NativeUnixSocket.c in Sources */,
			);
			runOnlyForDeploymentPostprocessing = 0;
		};
		432EF1FD261ADEDD00F4A583 /* Sources */ = {
			isa = PBXSourcesBuildPhase;
			buildActionMask = 2147483647;
			files = (
				432EF1FE261ADEDD00F4A583 /* org_newsclub_net_unix_NativeUnixSocket.c in Sources */,
			);
			runOnlyForDeploymentPostprocessing = 0;
		};
		432EF20C261AE29200F4A583 /* Sources */ = {
			isa = PBXSourcesBuildPhase;
			buildActionMask = 2147483647;
			files = (
				432EF20D261AE29200F4A583 /* org_newsclub_net_unix_NativeUnixSocket.c in Sources */,
			);
			runOnlyForDeploymentPostprocessing = 0;
		};
		43663EDC261AECC400CEED08 /* Sources */ = {
			isa = PBXSourcesBuildPhase;
			buildActionMask = 2147483647;
			files = (
				43663EDD261AECC400CEED08 /* org_newsclub_net_unix_NativeUnixSocket.c in Sources */,
			);
			runOnlyForDeploymentPostprocessing = 0;
		};
		43C5FB77261AC3700088E301 /* Sources */ = {
			isa = PBXSourcesBuildPhase;
			buildActionMask = 2147483647;
			files = (
				43C5FB78261AC3700088E301 /* org_newsclub_net_unix_NativeUnixSocket.c in Sources */,
			);
			runOnlyForDeploymentPostprocessing = 0;
		};
		43D436B9261A564C002D0C12 /* Sources */ = {
			isa = PBXSourcesBuildPhase;
			buildActionMask = 2147483647;
			files = (
				43D436C1261A5657002D0C12 /* org_newsclub_net_unix_NativeUnixSocket.c in Sources */,
			);
			runOnlyForDeploymentPostprocessing = 0;
		};
/* End PBXSourcesBuildPhase section */

/* Begin PBXTargetDependency section */
		432EF18B261AD52800F4A583 /* PBXTargetDependency */ = {
			isa = PBXTargetDependency;
			target = 43D436BB261A564C002D0C12 /* x86_64-alpine-linux-musl */;
			targetProxy = 432EF18A261AD52800F4A583 /* PBXContainerItemProxy */;
		};
		432EF18D261AD52A00F4A583 /* PBXTargetDependency */ = {
			isa = PBXTargetDependency;
			target = 43C5FB71261AC3700088E301 /* arm64-apple-macos11 */;
			targetProxy = 432EF18C261AD52A00F4A583 /* PBXContainerItemProxy */;
		};
		432EF19C261AD6AF00F4A583 /* PBXTargetDependency */ = {
			isa = PBXTargetDependency;
			target = 432EF18E261AD60200F4A583 /* aarch64-linux-gnu */;
			targetProxy = 432EF19B261AD6AF00F4A583 /* PBXContainerItemProxy */;
		};
		432EF1AB261AD97A00F4A583 /* PBXTargetDependency */ = {
			isa = PBXTargetDependency;
			target = 432EF19D261AD6D700F4A583 /* x86_64-w64-mingw32 */;
			targetProxy = 432EF1AA261AD97A00F4A583 /* PBXContainerItemProxy */;
		};
		432EF1BA261ADB0C00F4A583 /* PBXTargetDependency */ = {
			isa = PBXTargetDependency;
			target = 432EF1AC261AD9FB00F4A583 /* i386-pc-solaris2.11_m64 */;
			targetProxy = 432EF1B9261ADB0C00F4A583 /* PBXContainerItemProxy */;
		};
		432EF1D6261ADD9500F4A583 /* PBXTargetDependency */ = {
			isa = PBXTargetDependency;
			target = 432EF1BB261ADB5500F4A583 /* s390x-ibm-linux-gnu */;
			targetProxy = 432EF1D5261ADD9500F4A583 /* PBXContainerItemProxy */;
		};
		432EF1D8261ADDA000F4A583 /* PBXTargetDependency */ = {
			isa = PBXTargetDependency;
			target = 432EF1C8261ADD6B00F4A583 /* x86_64-unknown-freebsd12.1 */;
			targetProxy = 432EF1D7261ADDA000F4A583 /* PBXContainerItemProxy */;
		};
		432EF1E7261ADDF600F4A583 /* PBXTargetDependency */ = {
			isa = PBXTargetDependency;
			target = 432EF1D9261ADDD400F4A583 /* powerpc64le-linux-gnu */;
			targetProxy = 432EF1E6261ADDF600F4A583 /* PBXContainerItemProxy */;
		};
		432EF1F6261ADEC000F4A583 /* PBXTargetDependency */ = {
			isa = PBXTargetDependency;
			target = 432EF1E8261ADE4900F4A583 /* riscv64-redhat-linux */;
			targetProxy = 432EF1F5261ADEC000F4A583 /* PBXContainerItemProxy */;
		};
		432EF205261AE01000F4A583 /* PBXTargetDependency */ = {
			isa = PBXTargetDependency;
			target = 432EF1F7261ADEDD00F4A583 /* armv6--linux-gnueabihf */;
			targetProxy = 432EF204261AE01000F4A583 /* PBXContainerItemProxy */;
		};
		43D0E25C261AE48B008F2FFE /* PBXTargetDependency */ = {
			isa = PBXTargetDependency;
			target = 432EF206261AE29200F4A583 /* x86_64-apple-darwin18.2.0 */;
			targetProxy = 43D0E25B261AE48B008F2FFE /* PBXContainerItemProxy */;
		};
/* End PBXTargetDependency section */

/* Begin XCBuildConfiguration section */
		432EF188261AD52200F4A583 /* Debug */ = {
			isa = XCBuildConfiguration;
			buildSettings = {
				CODE_SIGN_STYLE = Automatic;
				PRODUCT_NAME = "$(TARGET_NAME)";
			};
			name = Debug;
		};
		432EF189261AD52200F4A583 /* Release */ = {
			isa = XCBuildConfiguration;
			buildSettings = {
				CODE_SIGN_STYLE = Automatic;
				PRODUCT_NAME = "$(TARGET_NAME)";
			};
			name = Release;
		};
		432EF198261AD60200F4A583 /* Debug */ = {
			isa = XCBuildConfiguration;
			buildSettings = {
				CROSSCLANG_TARGET = "aarch64-linux-gnu";
				EXECUTABLE_EXTENSION = so;
				LD_DEPENDENCY_INFO_FILE = "";
				LD_LTO_OBJECT_FILE = "";
				MACOSX_DEPLOYMENT_TARGET = "";
				OTHER_CFLAGS = (
					"-target",
					"$(CROSSCLANG_TARGET)",
					"-fPIC",
				);
				OTHER_LDFLAGS = (
					"-target",
					"$(CROSSCLANG_TARGET)",
				);
				PRODUCT_NAME = "$(TARGET_NAME)";
				SDKROOT = crossclang;
			};
			name = Debug;
		};
		432EF199261AD60200F4A583 /* Release */ = {
			isa = XCBuildConfiguration;
			buildSettings = {
				CROSSCLANG_TARGET = "aarch64-linux-gnu";
				EXECUTABLE_EXTENSION = so;
				LD_DEPENDENCY_INFO_FILE = "";
				LD_LTO_OBJECT_FILE = "";
				MACOSX_DEPLOYMENT_TARGET = "";
				OTHER_CFLAGS = (
					"-target",
					"$(CROSSCLANG_TARGET)",
					"-fPIC",
				);
				OTHER_LDFLAGS = (
					"-target",
					"$(CROSSCLANG_TARGET)",
				);
				PRODUCT_NAME = "$(TARGET_NAME)";
				SDKROOT = crossclang;
			};
			name = Release;
		};
		432EF1A7261AD6D700F4A583 /* Debug */ = {
			isa = XCBuildConfiguration;
			buildSettings = {
				CROSSCLANG_TARGET = "x86_64-w64-mingw32";
				EXECUTABLE_EXTENSION = so;
				LD_DEPENDENCY_INFO_FILE = "";
				LD_LTO_OBJECT_FILE = "";
				MACOSX_DEPLOYMENT_TARGET = "";
				OTHER_CFLAGS = (
					"-target",
					"$(CROSSCLANG_TARGET)",
					"-fPIC",
				);
				OTHER_LDFLAGS = (
					"-target",
					"$(CROSSCLANG_TARGET)",
					"-lWs2_32",
					"-lAdvApi32",
					"-lMswsock",
				);
				PRODUCT_NAME = "$(TARGET_NAME)";
				SDKROOT = crossclang;
			};
			name = Debug;
		};
		432EF1A8261AD6D700F4A583 /* Release */ = {
			isa = XCBuildConfiguration;
			buildSettings = {
				CROSSCLANG_TARGET = "x86_64-w64-mingw32";
				EXECUTABLE_EXTENSION = so;
				LD_DEPENDENCY_INFO_FILE = "";
				LD_LTO_OBJECT_FILE = "";
				MACOSX_DEPLOYMENT_TARGET = "";
				OTHER_CFLAGS = (
					"-target",
					"$(CROSSCLANG_TARGET)",
					"-fPIC",
				);
				OTHER_LDFLAGS = (
					"-target",
					"$(CROSSCLANG_TARGET)",
					"-lWs2_32",
					"-lAdvApi32",
					"-lMswsock",
				);
				PRODUCT_NAME = "$(TARGET_NAME)";
				SDKROOT = crossclang;
			};
			name = Release;
		};
		432EF1B6261AD9FB00F4A583 /* Debug */ = {
			isa = XCBuildConfiguration;
			buildSettings = {
				CROSSCLANG_TARGET = "i386-pc-solaris2.11";
				EXECUTABLE_EXTENSION = so;
				LD_DEPENDENCY_INFO_FILE = "";
				LD_LTO_OBJECT_FILE = "";
				MACOSX_DEPLOYMENT_TARGET = "";
				OTHER_CFLAGS = (
					"-target",
					"$(CROSSCLANG_TARGET)",
					"-m64",
					"-fPIC",
				);
				OTHER_LDFLAGS = (
					"-target",
					"$(CROSSCLANG_TARGET)",
					"-m64",
				);
				PRODUCT_NAME = "$(TARGET_NAME)";
				SDKROOT = crossclang;
			};
			name = Debug;
		};
		432EF1B7261AD9FB00F4A583 /* Release */ = {
			isa = XCBuildConfiguration;
			buildSettings = {
				CROSSCLANG_TARGET = "i386-pc-solaris2.11";
				EXECUTABLE_EXTENSION = so;
				LD_DEPENDENCY_INFO_FILE = "";
				LD_LTO_OBJECT_FILE = "";
				MACOSX_DEPLOYMENT_TARGET = "";
				OTHER_CFLAGS = (
					"-target",
					"$(CROSSCLANG_TARGET)",
					"-m64",
					"-fPIC",
				);
				OTHER_LDFLAGS = (
					"-target",
					"$(CROSSCLANG_TARGET)",
					"-m64",
				);
				PRODUCT_NAME = "$(TARGET_NAME)";
				SDKROOT = crossclang;
			};
			name = Release;
		};
		432EF1C5261ADB5500F4A583 /* Debug */ = {
			isa = XCBuildConfiguration;
			buildSettings = {
				CROSSCLANG_TARGET = "s390x-ibm-linux-gnu";
				EXECUTABLE_EXTENSION = so;
				LD_DEPENDENCY_INFO_FILE = "";
				LD_LTO_OBJECT_FILE = "";
				MACOSX_DEPLOYMENT_TARGET = "";
				OTHER_CFLAGS = (
					"-target",
					"$(CROSSCLANG_TARGET)",
					"-fPIC",
				);
				OTHER_LDFLAGS = (
					"-target",
					"$(CROSSCLANG_TARGET)",
				);
				PRODUCT_NAME = "$(TARGET_NAME)";
				SDKROOT = crossclang;
			};
			name = Debug;
		};
		432EF1C6261ADB5500F4A583 /* Release */ = {
			isa = XCBuildConfiguration;
			buildSettings = {
				CROSSCLANG_TARGET = "s390x-ibm-linux-gnu";
				EXECUTABLE_EXTENSION = so;
				LD_DEPENDENCY_INFO_FILE = "";
				LD_LTO_OBJECT_FILE = "";
				MACOSX_DEPLOYMENT_TARGET = "";
				OTHER_CFLAGS = (
					"-target",
					"$(CROSSCLANG_TARGET)",
					"-fPIC",
				);
				OTHER_LDFLAGS = (
					"-target",
					"$(CROSSCLANG_TARGET)",
				);
				PRODUCT_NAME = "$(TARGET_NAME)";
				SDKROOT = crossclang;
			};
			name = Release;
		};
		432EF1D2261ADD6B00F4A583 /* Debug */ = {
			isa = XCBuildConfiguration;
			buildSettings = {
				CROSSCLANG_TARGET = "x86_64-unknown-freebsd12.1";
				EXECUTABLE_EXTENSION = so;
				LD_DEPENDENCY_INFO_FILE = "";
				LD_LTO_OBJECT_FILE = "";
				MACOSX_DEPLOYMENT_TARGET = "";
				OTHER_CFLAGS = (
					"-target",
					"$(CROSSCLANG_TARGET)",
					"-fPIC",
				);
				OTHER_LDFLAGS = (
					"-target",
					"$(CROSSCLANG_TARGET)",
				);
				PRODUCT_NAME = "$(TARGET_NAME)";
				SDKROOT = crossclang;
			};
			name = Debug;
		};
		432EF1D3261ADD6B00F4A583 /* Release */ = {
			isa = XCBuildConfiguration;
			buildSettings = {
				CROSSCLANG_TARGET = "x86_64-unknown-freebsd12.1";
				EXECUTABLE_EXTENSION = so;
				LD_DEPENDENCY_INFO_FILE = "";
				LD_LTO_OBJECT_FILE = "";
				MACOSX_DEPLOYMENT_TARGET = "";
				OTHER_CFLAGS = (
					"-target",
					"$(CROSSCLANG_TARGET)",
					"-fPIC",
				);
				OTHER_LDFLAGS = (
					"-target",
					"$(CROSSCLANG_TARGET)",
				);
				PRODUCT_NAME = "$(TARGET_NAME)";
				SDKROOT = crossclang;
			};
			name = Release;
		};
		432EF1E3261ADDD400F4A583 /* Debug */ = {
			isa = XCBuildConfiguration;
			buildSettings = {
				CROSSCLANG_TARGET = "powerpc64le-linux-gnu";
				EXECUTABLE_EXTENSION = so;
				LD_DEPENDENCY_INFO_FILE = "";
				LD_LTO_OBJECT_FILE = "";
				MACOSX_DEPLOYMENT_TARGET = "";
				OTHER_CFLAGS = (
					"-target",
					"$(CROSSCLANG_TARGET)",
					"-fPIC",
				);
				OTHER_LDFLAGS = (
					"-target",
					"$(CROSSCLANG_TARGET)",
				);
				PRODUCT_NAME = "$(TARGET_NAME)";
				SDKROOT = crossclang;
			};
			name = Debug;
		};
		432EF1E4261ADDD400F4A583 /* Release */ = {
			isa = XCBuildConfiguration;
			buildSettings = {
				CROSSCLANG_TARGET = "powerpc64le-linux-gnu";
				EXECUTABLE_EXTENSION = so;
				LD_DEPENDENCY_INFO_FILE = "";
				LD_LTO_OBJECT_FILE = "";
				MACOSX_DEPLOYMENT_TARGET = "";
				OTHER_CFLAGS = (
					"-target",
					"$(CROSSCLANG_TARGET)",
					"-fPIC",
				);
				OTHER_LDFLAGS = (
					"-target",
					"$(CROSSCLANG_TARGET)",
				);
				PRODUCT_NAME = "$(TARGET_NAME)";
				SDKROOT = crossclang;
			};
			name = Release;
		};
		432EF1F2261ADE4900F4A583 /* Debug */ = {
			isa = XCBuildConfiguration;
			buildSettings = {
				CROSSCLANG_TARGET = "riscv64-redhat-linux";
				EXECUTABLE_EXTENSION = so;
				LD_DEPENDENCY_INFO_FILE = "";
				LD_LTO_OBJECT_FILE = "";
				MACOSX_DEPLOYMENT_TARGET = "";
				OTHER_CFLAGS = (
					"-target",
					"$(CROSSCLANG_TARGET)",
					"-fPIC",
					"-march=rv64ifd",
					"-mabi=lp64d",
				);
				OTHER_LDFLAGS = (
					"-target",
					"$(CROSSCLANG_TARGET)",
					"-Xcrossclang-llvm-name",
					"llvm@9",
				);
				PRODUCT_NAME = "$(TARGET_NAME)";
				SDKROOT = crossclang;
			};
			name = Debug;
		};
		432EF1F3261ADE4900F4A583 /* Release */ = {
			isa = XCBuildConfiguration;
			buildSettings = {
				CROSSCLANG_TARGET = "riscv64-redhat-linux";
				EXECUTABLE_EXTENSION = so;
				LD_DEPENDENCY_INFO_FILE = "";
				LD_LTO_OBJECT_FILE = "";
				MACOSX_DEPLOYMENT_TARGET = "";
				OTHER_CFLAGS = (
					"-target",
					"$(CROSSCLANG_TARGET)",
					"-fPIC",
					"-march=rv64ifd",
					"-mabi=lp64d",
				);
				OTHER_LDFLAGS = (
					"-target",
					"$(CROSSCLANG_TARGET)",
					"-Xcrossclang-llvm-name",
					"llvm@9",
				);
				PRODUCT_NAME = "$(TARGET_NAME)";
				SDKROOT = crossclang;
			};
			name = Release;
		};
		432EF201261ADEDD00F4A583 /* Debug */ = {
			isa = XCBuildConfiguration;
			buildSettings = {
				CROSSCLANG_TARGET = "armv6--linux-gnueabihf";
				EXECUTABLE_EXTENSION = so;
				LD_DEPENDENCY_INFO_FILE = "";
				LD_LTO_OBJECT_FILE = "";
				MACOSX_DEPLOYMENT_TARGET = "";
				OTHER_CFLAGS = (
					"-target",
					"$(CROSSCLANG_TARGET)",
					"-fPIC",
				);
				OTHER_LDFLAGS = (
					"-target",
					"$(CROSSCLANG_TARGET)",
				);
				PRODUCT_NAME = "$(TARGET_NAME)";
				SDKROOT = crossclang;
			};
			name = Debug;
		};
		432EF202261ADEDD00F4A583 /* Release */ = {
			isa = XCBuildConfiguration;
			buildSettings = {
				CROSSCLANG_TARGET = "armv6--linux-gnueabihf";
				EXECUTABLE_EXTENSION = so;
				LD_DEPENDENCY_INFO_FILE = "";
				LD_LTO_OBJECT_FILE = "";
				MACOSX_DEPLOYMENT_TARGET = "";
				OTHER_CFLAGS = (
					"-target",
					"$(CROSSCLANG_TARGET)",
					"-fPIC",
				);
				OTHER_LDFLAGS = (
					"-target",
					"$(CROSSCLANG_TARGET)",
				);
				PRODUCT_NAME = "$(TARGET_NAME)";
				SDKROOT = crossclang;
			};
			name = Release;
		};
		432EF210261AE29200F4A583 /* Debug */ = {
			isa = XCBuildConfiguration;
			buildSettings = {
				CROSSCLANG_TARGET = "x86_64-apple-darwin18.2.0";
				EXECUTABLE_EXTENSION = dylib;
				LD_DEPENDENCY_INFO_FILE = "";
				LD_LTO_OBJECT_FILE = "";
				MACOSX_DEPLOYMENT_TARGET = "";
				OTHER_CFLAGS = (
					"-target",
					"$(CROSSCLANG_TARGET)",
				);
				OTHER_LDFLAGS = (
					"-target",
					"$(CROSSCLANG_TARGET)",
					"-Xcrossclang-ld64-sdk-version",
					"\"\"",
				);
				PRODUCT_NAME = "$(TARGET_NAME)";
				SDKROOT = macosx;
			};
			name = Debug;
		};
		432EF211261AE29200F4A583 /* Release */ = {
			isa = XCBuildConfiguration;
			buildSettings = {
				CROSSCLANG_TARGET = "x86_64-apple-darwin18.2.0";
				EXECUTABLE_EXTENSION = dylib;
				LD_DEPENDENCY_INFO_FILE = "";
				LD_LTO_OBJECT_FILE = "";
				MACOSX_DEPLOYMENT_TARGET = "";
				OTHER_CFLAGS = (
					"-target",
					"$(CROSSCLANG_TARGET)",
				);
				OTHER_LDFLAGS = (
					"-target",
					"$(CROSSCLANG_TARGET)",
					"-Xcrossclang-ld64-sdk-version",
					"\"\"",
				);
				PRODUCT_NAME = "$(TARGET_NAME)";
				SDKROOT = macosx;
			};
			name = Release;
		};
		43663EE0261AECC400CEED08 /* Debug */ = {
			isa = XCBuildConfiguration;
			buildSettings = {
				CROSSCLANG_TARGET = default;
				EXECUTABLE_EXTENSION = dylib;
				LD_DEPENDENCY_INFO_FILE = "";
				LD_LTO_OBJECT_FILE = "";
				MACOSX_DEPLOYMENT_TARGET = "";
				OTHER_CFLAGS = (
					"-target",
					"$(CROSSCLANG_TARGET)",
				);
				OTHER_LDFLAGS = (
					"-target",
					"$(CROSSCLANG_TARGET)",
				);
				PRODUCT_NAME = "$(TARGET_NAME)";
				SDKROOT = macosx;
			};
			name = Debug;
		};
		43663EE1261AECC400CEED08 /* Release */ = {
			isa = XCBuildConfiguration;
			buildSettings = {
				CROSSCLANG_TARGET = default;
				EXECUTABLE_EXTENSION = dylib;
				LD_DEPENDENCY_INFO_FILE = "";
				LD_LTO_OBJECT_FILE = "";
				MACOSX_DEPLOYMENT_TARGET = "";
				OTHER_CFLAGS = (
					"-target",
					"$(CROSSCLANG_TARGET)",
				);
				OTHER_LDFLAGS = (
					"-target",
					"$(CROSSCLANG_TARGET)",
				);
				PRODUCT_NAME = "$(TARGET_NAME)";
				SDKROOT = macosx;
			};
			name = Release;
		};
		43C5FB7B261AC3700088E301 /* Debug */ = {
			isa = XCBuildConfiguration;
			buildSettings = {
				CROSSCLANG_TARGET = "arm64-apple-macos11";
				EXECUTABLE_EXTENSION = dylib;
				LD_DEPENDENCY_INFO_FILE = "";
				LD_LTO_OBJECT_FILE = "";
				MACOSX_DEPLOYMENT_TARGET = "";
				OTHER_CFLAGS = (
					"-target",
					"$(CROSSCLANG_TARGET)",
				);
				OTHER_LDFLAGS = (
					"-target",
					"$(CROSSCLANG_TARGET)",
				);
				PRODUCT_NAME = "$(TARGET_NAME)";
				SDKROOT = macosx;
			};
			name = Debug;
		};
		43C5FB7C261AC3700088E301 /* Release */ = {
			isa = XCBuildConfiguration;
			buildSettings = {
				CROSSCLANG_TARGET = "arm64-apple-macos11";
				EXECUTABLE_EXTENSION = dylib;
				LD_DEPENDENCY_INFO_FILE = "";
				LD_LTO_OBJECT_FILE = "";
				MACOSX_DEPLOYMENT_TARGET = "";
				OTHER_CFLAGS = (
					"-target",
					"$(CROSSCLANG_TARGET)",
				);
				OTHER_LDFLAGS = (
					"-target",
					"$(CROSSCLANG_TARGET)",
				);
				PRODUCT_NAME = "$(TARGET_NAME)";
				SDKROOT = macosx;
			};
			name = Release;
		};
		43D436B4261A55D0002D0C12 /* Debug */ = {
			isa = XCBuildConfiguration;
			buildSettings = {
				ALWAYS_SEARCH_USER_PATHS = NO;
				CLANG_ANALYZER_NONNULL = YES;
				CLANG_CXX_LANGUAGE_STANDARD = "gnu++17";
				CODE_SIGN_IDENTITY = "";
				CODE_SIGN_STYLE = Manual;
				COMPILER_INDEX_STORE_ENABLE = NO;
				COPY_PHASE_STRIP = NO;
				EXECUTABLE_PREFIX = "libjunixsocket-";
				GCC_C_LANGUAGE_STANDARD = gnu11;
				GCC_NO_COMMON_BLOCKS = YES;
				GCC_PREPROCESSOR_DEFINITIONS = "DEBUG=1";
				ONLY_ACTIVE_ARCH = YES;
				OTHER_CFLAGS = (
					"-fno-strict-overflow",
					"-finline-functions",
				);
				RUN_CLANG_STATIC_ANALYZER = YES;
				SKIP_INSTALL = YES;
				WARNING_CFLAGS = (
					"-Wall",
					"-Wextra",
					"-Weverything",
					"-Wno-reserved-id-macro",
					"-Wno-undef",
					"-Wno-cast-qual",
					"-Wno-disabled-macro-expansion",
					"-Wno-language-extension-token",
					"-Wno-gnu-auto-type",
					"-Wno-c++11-extensions",
					"-Wno-c++98-compat",
					"-Wno-empty-translation-unit",
				);
			};
			name = Debug;
		};
		43D436B5261A55D0002D0C12 /* Release */ = {
			isa = XCBuildConfiguration;
			buildSettings = {
				ALWAYS_SEARCH_USER_PATHS = NO;
				CLANG_ANALYZER_NONNULL = YES;
				CLANG_CXX_LANGUAGE_STANDARD = "gnu++17";
				CODE_SIGN_IDENTITY = "";
				CODE_SIGN_STYLE = Manual;
				COMPILER_INDEX_STORE_ENABLE = NO;
				COPY_PHASE_STRIP = NO;
				EXECUTABLE_PREFIX = "libjunixsocket-";
				GCC_C_LANGUAGE_STANDARD = gnu11;
				GCC_NO_COMMON_BLOCKS = YES;
				ONLY_ACTIVE_ARCH = YES;
				OTHER_CFLAGS = (
					"-fno-strict-overflow",
					"-finline-functions",
				);
				RUN_CLANG_STATIC_ANALYZER = YES;
				SKIP_INSTALL = YES;
				WARNING_CFLAGS = (
					"-Wall",
					"-Wextra",
					"-Weverything",
					"-Wno-reserved-id-macro",
					"-Wno-undef",
					"-Wno-cast-qual",
					"-Wno-disabled-macro-expansion",
					"-Wno-language-extension-token",
					"-Wno-gnu-auto-type",
					"-Wno-c++11-extensions",
					"-Wno-c++98-compat",
					"-Wno-empty-translation-unit",
				);
			};
			name = Release;
		};
		43D436BF261A564C002D0C12 /* Debug */ = {
			isa = XCBuildConfiguration;
			buildSettings = {
				CROSSCLANG_TARGET = "x86_64-alpine-linux-musl";
				EXECUTABLE_EXTENSION = so;
				LD_DEPENDENCY_INFO_FILE = "";
				LD_LTO_OBJECT_FILE = "";
				MACOSX_DEPLOYMENT_TARGET = "";
				OTHER_CFLAGS = (
					"-target",
					"$(CROSSCLANG_TARGET)",
					"-fPIC",
				);
				OTHER_LDFLAGS = (
					"-target",
					"$(CROSSCLANG_TARGET)",
					"-nostartfiles",
					"-nostdlib",
				);
				PRODUCT_NAME = "$(TARGET_NAME)";
				SDKROOT = crossclang;
			};
			name = Debug;
		};
		43D436C0261A564C002D0C12 /* Release */ = {
			isa = XCBuildConfiguration;
			buildSettings = {
				CROSSCLANG_TARGET = "x86_64-alpine-linux-musl";
				EXECUTABLE_EXTENSION = so;
				LD_DEPENDENCY_INFO_FILE = "";
				LD_LTO_OBJECT_FILE = "";
				MACOSX_DEPLOYMENT_TARGET = "";
				OTHER_CFLAGS = (
					"-target",
					"$(CROSSCLANG_TARGET)",
					"-fPIC",
				);
				OTHER_LDFLAGS = (
					"-target",
					"$(CROSSCLANG_TARGET)",
					"-nostartfiles",
					"-nostdlib",
				);
				PRODUCT_NAME = "$(TARGET_NAME)";
				SDKROOT = crossclang;
			};
			name = Release;
		};
/* End XCBuildConfiguration section */

/* Begin XCConfigurationList section */
		432EF187261AD52200F4A583 /* Build configuration list for PBXAggregateTarget "All Architectures" */ = {
			isa = XCConfigurationList;
			buildConfigurations = (
				432EF188261AD52200F4A583 /* Debug */,
				432EF189261AD52200F4A583 /* Release */,
			);
			defaultConfigurationIsVisible = 0;
			defaultConfigurationName = Release;
		};
		432EF197261AD60200F4A583 /* Build configuration list for PBXNativeTarget "aarch64-linux-gnu" */ = {
			isa = XCConfigurationList;
			buildConfigurations = (
				432EF198261AD60200F4A583 /* Debug */,
				432EF199261AD60200F4A583 /* Release */,
			);
			defaultConfigurationIsVisible = 0;
			defaultConfigurationName = Release;
		};
		432EF1A6261AD6D700F4A583 /* Build configuration list for PBXNativeTarget "x86_64-w64-mingw32" */ = {
			isa = XCConfigurationList;
			buildConfigurations = (
				432EF1A7261AD6D700F4A583 /* Debug */,
				432EF1A8261AD6D700F4A583 /* Release */,
			);
			defaultConfigurationIsVisible = 0;
			defaultConfigurationName = Release;
		};
		432EF1B5261AD9FB00F4A583 /* Build configuration list for PBXNativeTarget "i386-pc-solaris2.11_m64" */ = {
			isa = XCConfigurationList;
			buildConfigurations = (
				432EF1B6261AD9FB00F4A583 /* Debug */,
				432EF1B7261AD9FB00F4A583 /* Release */,
			);
			defaultConfigurationIsVisible = 0;
			defaultConfigurationName = Release;
		};
		432EF1C4261ADB5500F4A583 /* Build configuration list for PBXNativeTarget "s390x-ibm-linux-gnu" */ = {
			isa = XCConfigurationList;
			buildConfigurations = (
				432EF1C5261ADB5500F4A583 /* Debug */,
				432EF1C6261ADB5500F4A583 /* Release */,
			);
			defaultConfigurationIsVisible = 0;
			defaultConfigurationName = Release;
		};
		432EF1D1261ADD6B00F4A583 /* Build configuration list for PBXNativeTarget "x86_64-unknown-freebsd12.1" */ = {
			isa = XCConfigurationList;
			buildConfigurations = (
				432EF1D2261ADD6B00F4A583 /* Debug */,
				432EF1D3261ADD6B00F4A583 /* Release */,
			);
			defaultConfigurationIsVisible = 0;
			defaultConfigurationName = Release;
		};
		432EF1E2261ADDD400F4A583 /* Build configuration list for PBXNativeTarget "powerpc64le-linux-gnu" */ = {
			isa = XCConfigurationList;
			buildConfigurations = (
				432EF1E3261ADDD400F4A583 /* Debug */,
				432EF1E4261ADDD400F4A583 /* Release */,
			);
			defaultConfigurationIsVisible = 0;
			defaultConfigurationName = Release;
		};
		432EF1F1261ADE4900F4A583 /* Build configuration list for PBXNativeTarget "riscv64-redhat-linux" */ = {
			isa = XCConfigurationList;
			buildConfigurations = (
				432EF1F2261ADE4900F4A583 /* Debug */,
				432EF1F3261ADE4900F4A583 /* Release */,
			);
			defaultConfigurationIsVisible = 0;
			defaultConfigurationName = Release;
		};
		432EF200261ADEDD00F4A583 /* Build configuration list for PBXNativeTarget "armv6--linux-gnueabihf" */ = {
			isa = XCConfigurationList;
			buildConfigurations = (
				432EF201261ADEDD00F4A583 /* Debug */,
				432EF202261ADEDD00F4A583 /* Release */,
			);
			defaultConfigurationIsVisible = 0;
			defaultConfigurationName = Release;
		};
		432EF20F261AE29200F4A583 /* Build configuration list for PBXNativeTarget "x86_64-apple-darwin18.2.0" */ = {
			isa = XCConfigurationList;
			buildConfigurations = (
				432EF210261AE29200F4A583 /* Debug */,
				432EF211261AE29200F4A583 /* Release */,
			);
			defaultConfigurationIsVisible = 0;
			defaultConfigurationName = Release;
		};
		43663EDF261AECC400CEED08 /* Build configuration list for PBXNativeTarget "default" */ = {
			isa = XCConfigurationList;
			buildConfigurations = (
				43663EE0261AECC400CEED08 /* Debug */,
				43663EE1261AECC400CEED08 /* Release */,
			);
			defaultConfigurationIsVisible = 0;
			defaultConfigurationName = Release;
		};
		43C5FB7A261AC3700088E301 /* Build configuration list for PBXNativeTarget "arm64-apple-macos11" */ = {
			isa = XCConfigurationList;
			buildConfigurations = (
				43C5FB7B261AC3700088E301 /* Debug */,
				43C5FB7C261AC3700088E301 /* Release */,
			);
			defaultConfigurationIsVisible = 0;
			defaultConfigurationName = Release;
		};
		43D436B3261A55D0002D0C12 /* Build configuration list for PBXProject "junixsocket-native" */ = {
			isa = XCConfigurationList;
			buildConfigurations = (
				43D436B4261A55D0002D0C12 /* Debug */,
				43D436B5261A55D0002D0C12 /* Release */,
			);
			defaultConfigurationIsVisible = 0;
			defaultConfigurationName = Release;
		};
		43D436BE261A564C002D0C12 /* Build configuration list for PBXNativeTarget "x86_64-alpine-linux-musl" */ = {
			isa = XCConfigurationList;
			buildConfigurations = (
				43D436BF261A564C002D0C12 /* Debug */,
				43D436C0261A564C002D0C12 /* Release */,
			);
			defaultConfigurationIsVisible = 0;
			defaultConfigurationName = Release;
		};
/* End XCConfigurationList section */
	};
	rootObject = 43D436B0261A55D0002D0C12 /* Project object */;
}
